
Microsoft Visual Studio Solution File, Format Version 12.00
# Visual Studio Version 17
VisualStudioVersion = 17.11.35303.130
MinimumVisualStudioVersion = 10.0.40219.1
Project("{9A19103F-16F7-4668-BE54-9A1E7A4F7556}") = "BPCalculator", "BPCalculator\BPCalculator.csproj", "{5966DA6C-819D-4303-ADC7-425B8541EC84}"
EndProject
Project("{9A19103F-16F7-4668-BE54-9A1E7A4F7556}") = "SeleniumTest", "SeleniumTest\SeleniumTest.csproj", "{4089F722-1468-483F-86C3-B9D3D21C221A}"
EndProject
Project("{9A19103F-16F7-4668-BE54-9A1E7A4F7556}") = "Unit_BDD_Tests", "TestProject\UnitTests.csproj", "{F3823584-E2A8-45C6-A060-319326B80856}"
EndProject
Project("{FAE04EC0-301F-11D3-BF4B-00C04F79EFBC}") = "BDDTestProject", "BDDTestProject\BDDTestProject.csproj", "{BFEC48E6-0B28-42C7-93B5-21236F8B8AD2}"
EndProject
Global
	GlobalSection(SolutionConfigurationPlatforms) = preSolution
		Debug|Any CPU = Debug|Any CPU
		Release|Any CPU = Release|Any CPU
	EndGlobalSection
	GlobalSection(ProjectConfigurationPlatforms) = postSolution
		{5966DA6C-819D-4303-ADC7-425B8541EC84}.Debug|Any CPU.ActiveCfg = Debug|Any CPU
		{5966DA6C-819D-4303-ADC7-425B8541EC84}.Debug|Any CPU.Build.0 = Debug|Any CPU
		{5966DA6C-819D-4303-ADC7-425B8541EC84}.Release|Any CPU.ActiveCfg = Release|Any CPU
		{5966DA6C-819D-4303-ADC7-425B8541EC84}.Release|Any CPU.Build.0 = Release|Any CPU
		{4089F722-1468-483F-86C3-B9D3D21C221A}.Debug|Any CPU.ActiveCfg = Debug|Any CPU
		{4089F722-1468-483F-86C3-B9D3D21C221A}.Debug|Any CPU.Build.0 = Debug|Any CPU
		{4089F722-1468-483F-86C3-B9D3D21C221A}.Release|Any CPU.ActiveCfg = Release|Any CPU
		{4089F722-1468-483F-86C3-B9D3D21C221A}.Release|Any CPU.Build.0 = Release|Any CPU
		{F3823584-E2A8-45C6-A060-319326B80856}.Debug|Any CPU.ActiveCfg = Debug|Any CPU
		{F3823584-E2A8-45C6-A060-319326B80856}.Debug|Any CPU.Build.0 = Debug|Any CPU
		{F3823584-E2A8-45C6-A060-319326B80856}.Release|Any CPU.ActiveCfg = Release|Any CPU
		{F3823584-E2A8-45C6-A060-319326B80856}.Release|Any CPU.Build.0 = Release|Any CPU
		{BFEC48E6-0B28-42C7-93B5-21236F8B8AD2}.Debug|Any CPU.ActiveCfg = Debug|Any CPU
		{BFEC48E6-0B28-42C7-93B5-21236F8B8AD2}.Debug|Any CPU.Build.0 = Debug|Any CPU
		{BFEC48E6-0B28-42C7-93B5-21236F8B8AD2}.Release|Any CPU.ActiveCfg = Release|Any CPU
		{BFEC48E6-0B28-42C7-93B5-21236F8B8AD2}.Release|Any CPU.Build.0 = Release|Any CPU
	EndGlobalSection
	GlobalSection(SolutionProperties) = preSolution
		HideSolutionNode = FALSE
	EndGlobalSection
	GlobalSection(ExtensibilityGlobals) = postSolution
		SolutionGuid = {0888B091-BD2A-49F1-9C68-09927D2EC2D8}
	EndGlobalSection
EndGlobal
